
Microsoft Visual Studio Solution File, Format Version 12.00
# Visual Studio 15
VisualStudioVersion = 15.0.27130.2026
MinimumVisualStudioVersion = 10.0.40219.1
Project("{FAE04EC0-301F-11D3-BF4B-00C04F79EFBC}") = "LiveChartControlDemo", "LiveChartControlDemo\LiveChartControlDemo.csproj", "{781ED2F0-E98C-4342-92F1-5D03A4369CBF}"
EndProject
Global
	GlobalSection(SolutionConfigurationPlatforms) = preSolution
		Debug|Any CPU = Debug|Any CPU
		Release|Any CPU = Release|Any CPU
	EndGlobalSection
	GlobalSection(ProjectConfigurationPlatforms) = postSolution
		{781ED2F0-E98C-4342-92F1-5D03A4369CBF}.Debug|Any CPU.ActiveCfg = Debug|Any CPU
		{781ED2F0-E98C-4342-92F1-5D03A4369CBF}.Debug|Any CPU.Build.0 = Debug|Any CPU
		{781ED2F0-E98C-4342-92F1-5D03A4369CBF}.Release|Any CPU.ActiveCfg = Release|Any CPU
		{781ED2F0-E98C-4342-92F1-5D03A4369CBF}.Release|Any CPU.Build.0 = Release|Any CPU
	EndGlobalSection
	GlobalSection(SolutionProperties) = preSolution
		HideSolutionNode = FALSE
	EndGlobalSection
	GlobalSection(ExtensibilityGlobals) = postSolution
		SolutionGuid = {426C9463-3F64-480C-9623-350E2ABE9FCF}
	EndGlobalSection
EndGlobal
